{
  "name": "markdown",
  "lockfileVersion": 2,
  "requires": true,
  "packages": {
    "": {
      "dependencies": {
        "@nexssp/ansi": "^1.1.5"
      }
    },
    "node_modules/@nexssp/ansi": {
      "version": "1.1.5",
      "resolved": "https://registry.npmjs.org/@nexssp/ansi/-/ansi-1.1.5.tgz",
      "integrity": "sha512-+wOMfmRsIoJQdTkE+FdEg6YLUWviGFeMF1/Rljz/PJKZC1PoUsG12uUwJj53Tci+sb5bXlz7YVMBNALsSh/l8w=="
    }
  },
  "dependencies": {
    "@nexssp/ansi": {
      "version": "1.1.5",
      "resolved": "https://registry.npmjs.org/@nexssp/ansi/-/ansi-1.1.5.tgz",
      "integrity": "sha512-+wOMfmRsIoJQdTkE+FdEg6YLUWviGFeMF1/Rljz/PJKZC1PoUsG12uUwJj53Tci+sb5bXlz7YVMBNALsSh/l8w=="
    }
  }
}
